{
    "hash": "636c1bfb1fd1ce569f1059852f205ffe",
    "packages": [
        {
            "package": "eloquent/blox",
            "version": "1.2.0"
        },
        {
            "package": "eloquent/cosmos",
            "version": "1.0.1"
        },
        {
            "package": "eloquent/typhax",
            "version": "dev-master",
            "source-reference": "948fd4f1077cd343a0faaf8f667547a9179b700b",
            "commit-date": "1344777281"
        },
        {
            "package": "icecave/isolator",
            "version": "2.1.0"
        },
        {
            "package": "icecave/visita",
            "version": "0.1.0"
        },
        {
            "package": "symfony/console",
            "version": "v2.0.16"
        }
    ],
    "packages-dev": [
        {
            "package": "eloquent/liberator",
            "version": "1.1.0"
        },
        {
            "package": "eloquent/pops",
            "version": "3.1.0"
        },
        {
            "package": "phake/phake",
            "version": "v1.0.3"
        }
    ],
    "aliases": [

    ],
    "minimum-stability": "stable",
    "stability-flags": {
        "eloquent/typhax": 20
    }
}
