{
    "hash": "0807b5447284205adbf9daecb8cb4b18",
    "packages": [
        {
            "package": "eloquent/enumeration",
            "version": "2.0.1"
        },
        {
            "package": "eloquent/typhax",
            "version": "dev-master",
            "source-reference": "e47b67c58b7b7b9761d394ca880da0f0d235adb6",
            "commit-date": "1343455316"
        }
    ],
    "packages-dev": [
        {
            "package": "phake/phake",
            "version": "1.0.2"
        }
    ],
    "aliases": [

    ],
    "minimum-stability": "stable",
    "stability-flags": {
        "eloquent/typhax": 20
    }
}
