{
    "hash": "0edc6a511303b30ea70bc64c77c82534",
    "packages": [
        {
            "package": "eloquent/asplode",
            "version": "1.0.4"
        },
        {
            "package": "eloquent/blox",
            "version": "1.2.0"
        },
        {
            "package": "eloquent/cosmos",
            "version": "1.0.1"
        },
        {
            "package": "eloquent/typhax",
            "version": "0.6.2"
        },
        {
            "package": "icecave/isolator",
            "version": "2.1.0"
        },
        {
            "package": "icecave/visita",
            "version": "0.1.0"
        },
        {
            "package": "symfony/console",
            "version": "v2.0.17"
        }
    ],
    "packages-dev": [
        {
            "package": "eloquent/liberator",
            "version": "1.1.0"
        },
        {
            "package": "eloquent/pops",
            "version": "3.1.0"
        },
        {
            "package": "ezzatron/phpunit-extensions",
            "version": "1.0.1"
        },
        {
            "package": "phake/phake",
            "version": "v1.0.3"
        }
    ],
    "aliases": [

    ],
    "minimum-stability": "stable",
    "stability-flags": [

    ]
}
